
Microsoft Visual Studio Solution File, Format Version 12.00
# Visual Studio Version 17
VisualStudioVersion = 17.1.32228.430
MinimumVisualStudioVersion = 10.0.40219.1
Project("{FAE04EC0-301F-11D3-BF4B-00C04F79EFBC}") = "ToDoTest", "ToDoTest\ToDoTest.csproj", "{BE352093-4F43-4FB4-91CE-E6D3022B3F55}"
EndProject
Global
	GlobalSection(SolutionConfigurationPlatforms) = preSolution
		Debug|Any CPU = Debug|Any CPU
		Release|Any CPU = Release|Any CPU
	EndGlobalSection
	GlobalSection(ProjectConfigurationPlatforms) = postSolution
		{BE352093-4F43-4FB4-91CE-E6D3022B3F55}.Debug|Any CPU.ActiveCfg = Debug|Any CPU
		{BE352093-4F43-4FB4-91CE-E6D3022B3F55}.Debug|Any CPU.Build.0 = Debug|Any CPU
		{BE352093-4F43-4FB4-91CE-E6D3022B3F55}.Release|Any CPU.ActiveCfg = Release|Any CPU
		{BE352093-4F43-4FB4-91CE-E6D3022B3F55}.Release|Any CPU.Build.0 = Release|Any CPU
	EndGlobalSection
	GlobalSection(SolutionProperties) = preSolution
		HideSolutionNode = FALSE
	EndGlobalSection
	GlobalSection(ExtensibilityGlobals) = postSolution
		SolutionGuid = {4E7F951D-3A2D-408F-8F81-CC277586F180}
	EndGlobalSection
EndGlobal
